// !$*UTF8*$!
{
	archiveVersion = 1;
	classes = {
	};
	objectVersion = 50;
	objects = {

/* Begin PBXBuildFile section */
		3C730214261E096F00FEA925 /* Watch2 WatchKit App.app in Embed Watch Content */ = {isa = PBXBuildFile; fileRef = 3C730213261E096F00FEA925 /* Watch2 WatchKit App.app */; settings = {ATTRIBUTES = (RemoveHeadersOnCopy, ); }; };
		3C73021A261E096F00FEA925 /* Interface.storyboard in Resources */ = {isa = PBXBuildFile; fileRef = 3C730218261E096F00FEA925 /* Interface.storyboard */; };
		3C73021C261E097000FEA925 /* Assets.xcassets in Resources */ = {isa = PBXBuildFile; fileRef = 3C73021B261E097000FEA925 /* Assets.xcassets */; };
		3C730223261E097000FEA925 /* Watch2 WatchKit Extension.appex in Embed App Extensions */ = {isa = PBXBuildFile; fileRef = 3C730222261E097000FEA925 /* Watch2 WatchKit Extension.appex */; settings = {ATTRIBUTES = (RemoveHeadersOnCopy, ); }; };
		3C730228261E097000FEA925 /* HostingController.swift in Sources */ = {isa = PBXBuildFile; fileRef = 3C730227261E097000FEA925 /* HostingController.swift */; };
		3C73022A261E097000FEA925 /* ContentView.swift in Sources */ = {isa = PBXBuildFile; fileRef = 3C730229261E097000FEA925 /* ContentView.swift */; };
		3C73022C261E097000FEA925 /* ExtensionDelegate.swift in Sources */ = {isa = PBXBuildFile; fileRef = 3C73022B261E097000FEA925 /* ExtensionDelegate.swift */; };
		3C73022E261E097000FEA925 /* NotificationController.swift in Sources */ = {isa = PBXBuildFile; fileRef = 3C73022D261E097000FEA925 /* NotificationController.swift */; };
		3C730230261E097000FEA925 /* NotificationView.swift in Sources */ = {isa = PBXBuildFile; fileRef = 3C73022F261E097000FEA925 /* NotificationView.swift */; };
		3C730232261E097000FEA925 /* ComplicationController.swift in Sources */ = {isa = PBXBuildFile; fileRef = 3C730231261E097000FEA925 /* ComplicationController.swift */; };
		3C730234261E097100FEA925 /* Assets.xcassets in Resources */ = {isa = PBXBuildFile; fileRef = 3C730233261E097100FEA925 /* Assets.xcassets */; };
		3C730237261E097100FEA925 /* Preview Assets.xcassets in Resources */ = {isa = PBXBuildFile; fileRef = 3C730236261E097100FEA925 /* Preview Assets.xcassets */; };
/* End PBXBuildFile section */

/* Begin PBXContainerItemProxy section */
		3C730215261E096F00FEA925 /* PBXContainerItemProxy */ = {
			isa = PBXContainerItemProxy;
			containerPortal = 3C730209261E096F00FEA925 /* Project object */;
			proxyType = 1;
			remoteGlobalIDString = 3C730212261E096F00FEA925;
			remoteInfo = "Watch2 WatchKit App";
		};
		3C730224261E097000FEA925 /* PBXContainerItemProxy */ = {
			isa = PBXContainerItemProxy;
			containerPortal = 3C730209261E096F00FEA925 /* Project object */;
			proxyType = 1;
			remoteGlobalIDString = 3C730221261E097000FEA925;
			remoteInfo = "Watch2 WatchKit Extension";
		};
/* End PBXContainerItemProxy section */

/* Begin PBXCopyFilesBuildPhase section */
		3C73023F261E097100FEA925 /* Embed App Extensions */ = {
			isa = PBXCopyFilesBuildPhase;
			buildActionMask = 2147483647;
			dstPath = "";
			dstSubfolderSpec = 13;
			files = (
				3C730223261E097000FEA925 /* Watch2 WatchKit Extension.appex in Embed App Extensions */,
			);
			name = "Embed App Extensions";
			runOnlyForDeploymentPostprocessing = 0;
		};
		3C730243261E097100FEA925 /* Embed Watch Content */ = {
			isa = PBXCopyFilesBuildPhase;
			buildActionMask = 2147483647;
			dstPath = "$(CONTENTS_FOLDER_PATH)/Watch";
			dstSubfolderSpec = 16;
			files = (
				3C730214261E096F00FEA925 /* Watch2 WatchKit App.app in Embed Watch Content */,
			);
			name = "Embed Watch Content";
			runOnlyForDeploymentPostprocessing = 0;
		};
/* End PBXCopyFilesBuildPhase section */

/* Begin PBXFileReference section */
		3C73020F261E096F00FEA925 /* Watch2.app */ = {isa = PBXFileReference; explicitFileType = wrapper.application; includeInIndex = 0; path = Watch2.app; sourceTree = BUILT_PRODUCTS_DIR; };
		3C730213261E096F00FEA925 /* Watch2 WatchKit App.app */ = {isa = PBXFileReference; explicitFileType = wrapper.application; includeInIndex = 0; path = "Watch2 WatchKit App.app"; sourceTree = BUILT_PRODUCTS_DIR; };
		3C730219261E096F00FEA925 /* Base */ = {isa = PBXFileReference; lastKnownFileType = file.storyboard; name = Base; path = Base.lproj/Interface.storyboard; sourceTree = "<group>"; };
		3C73021B261E097000FEA925 /* Assets.xcassets */ = {isa = PBXFileReference; lastKnownFileType = folder.assetcatalog; path = Assets.xcassets; sourceTree = "<group>"; };
		3C73021D261E097000FEA925 /* Info.plist */ = {isa = PBXFileReference; lastKnownFileType = text.plist.xml; path = Info.plist; sourceTree = "<group>"; };
		3C730222261E097000FEA925 /* Watch2 WatchKit Extension.appex */ = {isa = PBXFileReference; explicitFileType = "wrapper.app-extension"; includeInIndex = 0; path = "Watch2 WatchKit Extension.appex"; sourceTree = BUILT_PRODUCTS_DIR; };
		3C730227261E097000FEA925 /* HostingController.swift */ = {isa = PBXFileReference; lastKnownFileType = sourcecode.swift; path = HostingController.swift; sourceTree = "<group>"; };
		3C730229261E097000FEA925 /* ContentView.swift */ = {isa = PBXFileReference; lastKnownFileType = sourcecode.swift; path = ContentView.swift; sourceTree = "<group>"; };
		3C73022B261E097000FEA925 /* ExtensionDelegate.swift */ = {isa = PBXFileReference; lastKnownFileType = sourcecode.swift; path = ExtensionDelegate.swift; sourceTree = "<group>"; };
		3C73022D261E097000FEA925 /* NotificationController.swift */ = {isa = PBXFileReference; lastKnownFileType = sourcecode.swift; path = NotificationController.swift; sourceTree = "<group>"; };
		3C73022F261E097000FEA925 /* NotificationView.swift */ = {isa = PBXFileReference; lastKnownFileType = sourcecode.swift; path = NotificationView.swift; sourceTree = "<group>"; };
		3C730231261E097000FEA925 /* ComplicationController.swift */ = {isa = PBXFileReference; lastKnownFileType = sourcecode.swift; path = ComplicationController.swift; sourceTree = "<group>"; };
		3C730233261E097100FEA925 /* Assets.xcassets */ = {isa = PBXFileReference; lastKnownFileType = folder.assetcatalog; path = Assets.xcassets; sourceTree = "<group>"; };
		3C730236261E097100FEA925 /* Preview Assets.xcassets */ = {isa = PBXFileReference; lastKnownFileType = folder.assetcatalog; path = "Preview Assets.xcassets"; sourceTree = "<group>"; };
		3C730238261E097100FEA925 /* Info.plist */ = {isa = PBXFileReference; lastKnownFileType = text.plist.xml; path = Info.plist; sourceTree = "<group>"; };
		3C730239261E097100FEA925 /* PushNotificationPayload.apns */ = {isa = PBXFileReference; lastKnownFileType = text; path = PushNotificationPayload.apns; sourceTree = "<group>"; };
/* End PBXFileReference section */

/* Begin PBXFrameworksBuildPhase section */
		3C73021F261E097000FEA925 /* Frameworks */ = {
			isa = PBXFrameworksBuildPhase;
			buildActionMask = 2147483647;
			files = (
			);
			runOnlyForDeploymentPostprocessing = 0;
		};
/* End PBXFrameworksBuildPhase section */

/* Begin PBXGroup section */
		3C730208261E096F00FEA925 = {
			isa = PBXGroup;
			children = (
				3C730217261E096F00FEA925 /* Watch2 WatchKit App */,
				3C730226261E097000FEA925 /* Watch2 WatchKit Extension */,
				3C730210261E096F00FEA925 /* Products */,
			);
			sourceTree = "<group>";
		};
		3C730210261E096F00FEA925 /* Products */ = {
			isa = PBXGroup;
			children = (
				3C73020F261E096F00FEA925 /* Watch2.app */,
				3C730213261E096F00FEA925 /* Watch2 WatchKit App.app */,
				3C730222261E097000FEA925 /* Watch2 WatchKit Extension.appex */,
			);
			name = Products;
			sourceTree = "<group>";
		};
		3C730217261E096F00FEA925 /* Watch2 WatchKit App */ = {
			isa = PBXGroup;
			children = (
				3C730218261E096F00FEA925 /* Interface.storyboard */,
				3C73021B261E097000FEA925 /* Assets.xcassets */,
				3C73021D261E097000FEA925 /* Info.plist */,
			);
			path = "Watch2 WatchKit App";
			sourceTree = "<group>";
		};
		3C730226261E097000FEA925 /* Watch2 WatchKit Extension */ = {
			isa = PBXGroup;
			children = (
				3C730227261E097000FEA925 /* HostingController.swift */,
				3C730229261E097000FEA925 /* ContentView.swift */,
				3C73022B261E097000FEA925 /* ExtensionDelegate.swift */,
				3C73022D261E097000FEA925 /* NotificationController.swift */,
				3C73022F261E097000FEA925 /* NotificationView.swift */,
				3C730231261E097000FEA925 /* ComplicationController.swift */,
				3C730233261E097100FEA925 /* Assets.xcassets */,
				3C730238261E097100FEA925 /* Info.plist */,
				3C730239261E097100FEA925 /* PushNotificationPayload.apns */,
				3C730235261E097100FEA925 /* Preview Content */,
			);
			path = "Watch2 WatchKit Extension";
			sourceTree = "<group>";
		};
		3C730235261E097100FEA925 /* Preview Content */ = {
			isa = PBXGroup;
			children = (
				3C730236261E097100FEA925 /* Preview Assets.xcassets */,
			);
			path = "Preview Content";
			sourceTree = "<group>";
		};
/* End PBXGroup section */

/* Begin PBXNativeTarget section */
		3C73020E261E096F00FEA925 /* Watch2 */ = {
			isa = PBXNativeTarget;
			buildConfigurationList = 3C730244261E097100FEA925 /* Build configuration list for PBXNativeTarget "Watch2" */;
			buildPhases = (
				3C73020D261E096F00FEA925 /* Resources */,
				3C730243261E097100FEA925 /* Embed Watch Content */,
			);
			buildRules = (
			);
			dependencies = (
				3C730216261E096F00FEA925 /* PBXTargetDependency */,
			);
			name = Watch2;
			productName = Watch2;
			productReference = 3C73020F261E096F00FEA925 /* Watch2.app */;
			productType = "com.apple.product-type.application.watchapp2-container";
		};
		3C730212261E096F00FEA925 /* Watch2 WatchKit App */ = {
			isa = PBXNativeTarget;
			buildConfigurationList = 3C730240261E097100FEA925 /* Build configuration list for PBXNativeTarget "Watch2 WatchKit App" */;
			buildPhases = (
				3C730211261E096F00FEA925 /* Resources */,
				3C73023F261E097100FEA925 /* Embed App Extensions */,
			);
			buildRules = (
			);
			dependencies = (
				3C730225261E097000FEA925 /* PBXTargetDependency */,
			);
			name = "Watch2 WatchKit App";
			productName = "Watch2 WatchKit App";
			productReference = 3C730213261E096F00FEA925 /* Watch2 WatchKit App.app */;
			productType = "com.apple.product-type.application.watchapp2";
		};
		3C730221261E097000FEA925 /* Watch2 WatchKit Extension */ = {
			isa = PBXNativeTarget;
			buildConfigurationList = 3C73023C261E097100FEA925 /* Build configuration list for PBXNativeTarget "Watch2 WatchKit Extension" */;
			buildPhases = (
				3C73021E261E097000FEA925 /* Sources */,
				3C73021F261E097000FEA925 /* Frameworks */,
				3C730220261E097000FEA925 /* Resources */,
			);
			buildRules = (
			);
			dependencies = (
			);
			name = "Watch2 WatchKit Extension";
			productName = "Watch2 WatchKit Extension";
			productReference = 3C730222261E097000FEA925 /* Watch2 WatchKit Extension.appex */;
			productType = "com.apple.product-type.watchkit2-extension";
		};
/* End PBXNativeTarget section */

/* Begin PBXProject section */
		3C730209261E096F00FEA925 /* Project object */ = {
			isa = PBXProject;
			attributes = {
				LastSwiftUpdateCheck = 1240;
				LastUpgradeCheck = 1240;
				TargetAttributes = {
					3C73020E261E096F00FEA925 = {
						CreatedOnToolsVersion = 12.4;
					};
					3C730212261E096F00FEA925 = {
						CreatedOnToolsVersion = 12.4;
					};
					3C730221261E097000FEA925 = {
						CreatedOnToolsVersion = 12.4;
					};
				};
			};
			buildConfigurationList = 3C73020C261E096F00FEA925 /* Build configuration list for PBXProject "Watch2" */;
			compatibilityVersion = "Xcode 9.3";
			developmentRegion = en;
			hasScannedForEncodings = 0;
			knownRegions = (
				en,
				Base,
			);
			mainGroup = 3C730208261E096F00FEA925;
			productRefGroup = 3C730210261E096F00FEA925 /* Products */;
			projectDirPath = "";
			projectRoot = "";
			targets = (
				3C73020E261E096F00FEA925 /* Watch2 */,
				3C730212261E096F00FEA925 /* Watch2 WatchKit App */,
				3C730221261E097000FEA925 /* Watch2 WatchKit Extension */,
			);
		};
/* End PBXProject section */

/* Begin PBXResourcesBuildPhase section */
		3C73020D261E096F00FEA925 /* Resources */ = {
			isa = PBXResourcesBuildPhase;
			buildActionMask = 2147483647;
			files = (
			);
			runOnlyForDeploymentPostprocessing = 0;
		};
		3C730211261E096F00FEA925 /* Resources */ = {
			isa = PBXResourcesBuildPhase;
			buildActionMask = 2147483647;
			files = (
				3C73021C261E097000FEA925 /* Assets.xcassets in Resources */,
				3C73021A261E096F00FEA925 /* Interface.storyboard in Resources */,
			);
			runOnlyForDeploymentPostprocessing = 0;
		};
		3C730220261E097000FEA925 /* Resources */ = {
			isa = PBXResourcesBuildPhase;
			buildActionMask = 2147483647;
			files = (
				3C730237261E097100FEA925 /* Preview Assets.xcassets in Resources */,
				3C730234261E097100FEA925 /* Assets.xcassets in Resources */,
			);
			runOnlyForDeploymentPostprocessing = 0;
		};
/* End PBXResourcesBuildPhase section */

/* Begin PBXSourcesBuildPhase section */
		3C73021E261E097000FEA925 /* Sources */ = {
			isa = PBXSourcesBuildPhase;
			buildActionMask = 2147483647;
			files = (
				3C73022A261E097000FEA925 /* ContentView.swift in Sources */,
				3C730228261E097000FEA925 /* HostingController.swift in Sources */,
				3C73022E261E097000FEA925 /* NotificationController.swift in Sources */,
				3C73022C261E097000FEA925 /* ExtensionDelegate.swift in Sources */,
				3C730230261E097000FEA925 /* NotificationView.swift in Sources */,
				3C730232261E097000FEA925 /* ComplicationController.swift in Sources */,
			);
			runOnlyForDeploymentPostprocessing = 0;
		};
/* End PBXSourcesBuildPhase section */

/* Begin PBXTargetDependency section */
		3C730216261E096F00FEA925 /* PBXTargetDependency */ = {
			isa = PBXTargetDependency;
			target = 3C730212261E096F00FEA925 /* Watch2 WatchKit App */;
			targetProxy = 3C730215261E096F00FEA925 /* PBXContainerItemProxy */;
		};
		3C730225261E097000FEA925 /* PBXTargetDependency */ = {
			isa = PBXTargetDependency;
			target = 3C730221261E097000FEA925 /* Watch2 WatchKit Extension */;
			targetProxy = 3C730224261E097000FEA925 /* PBXContainerItemProxy */;
		};
/* End PBXTargetDependency section */

/* Begin PBXVariantGroup section */
		3C730218261E096F00FEA925 /* Interface.storyboard */ = {
			isa = PBXVariantGroup;
			children = (
				3C730219261E096F00FEA925 /* Base */,
			);
			name = Interface.storyboard;
			sourceTree = "<group>";
		};
/* End PBXVariantGroup section */

/* Begin XCBuildConfiguration section */
		3C73023A261E097100FEA925 /* Debug */ = {
			isa = XCBuildConfiguration;
			buildSettings = {
				ALWAYS_SEARCH_USER_PATHS = NO;
				CLANG_ANALYZER_NONNULL = YES;
				CLANG_ANALYZER_NUMBER_OBJECT_CONVERSION = YES_AGGRESSIVE;
				CLANG_CXX_LANGUAGE_STANDARD = "gnu++14";
				CLANG_CXX_LIBRARY = "libc++";
				CLANG_ENABLE_MODULES = YES;
				CLANG_ENABLE_OBJC_ARC = YES;
				CLANG_ENABLE_OBJC_WEAK = YES;
				CLANG_WARN_BLOCK_CAPTURE_AUTORELEASING = YES;
				CLANG_WARN_BOOL_CONVERSION = YES;
				CLANG_WARN_COMMA = YES;
				CLANG_WARN_CONSTANT_CONVERSION = YES;
				CLANG_WARN_DEPRECATED_OBJC_IMPLEMENTATIONS = YES;
				CLANG_WARN_DIRECT_OBJC_ISA_USAGE = YES_ERROR;
				CLANG_WARN_DOCUMENTATION_COMMENTS = YES;
				CLANG_WARN_EMPTY_BODY = YES;
				CLANG_WARN_ENUM_CONVERSION = YES;
				CLANG_WARN_INFINITE_RECURSION = YES;
				CLANG_WARN_INT_CONVERSION = YES;
				CLANG_WARN_NON_LITERAL_NULL_CONVERSION = YES;
				CLANG_WARN_OBJC_IMPLICIT_RETAIN_SELF = YES;
				CLANG_WARN_OBJC_LITERAL_CONVERSION = YES;
				CLANG_WARN_OBJC_ROOT_CLASS = YES_ERROR;
				CLANG_WARN_QUOTED_INCLUDE_IN_FRAMEWORK_HEADER = YES;
				CLANG_WARN_RANGE_LOOP_ANALYSIS = YES;
				CLANG_WARN_STRICT_PROTOTYPES = YES;
				CLANG_WARN_SUSPICIOUS_MOVE = YES;
				CLANG_WARN_UNGUARDED_AVAILABILITY = YES_AGGRESSIVE;
				CLANG_WARN_UNREACHABLE_CODE = YES;
				CLANG_WARN__DUPLICATE_METHOD_MATCH = YES;
				COPY_PHASE_STRIP = NO;
				DEBUG_INFORMATION_FORMAT = dwarf;
				ENABLE_STRICT_OBJC_MSGSEND = YES;
				ENABLE_TESTABILITY = YES;
				GCC_C_LANGUAGE_STANDARD = gnu11;
				GCC_DYNAMIC_NO_PIC = NO;
				GCC_NO_COMMON_BLOCKS = YES;
				GCC_OPTIMIZATION_LEVEL = 0;
				GCC_PREPROCESSOR_DEFINITIONS = (
					"DEBUG=1",
					"$(inherited)",
				);
				GCC_WARN_64_TO_32_BIT_CONVERSION = YES;
				GCC_WARN_ABOUT_RETURN_TYPE = YES_ERROR;
				GCC_WARN_UNDECLARED_SELECTOR = YES;
				GCC_WARN_UNINITIALIZED_AUTOS = YES_AGGRESSIVE;
				GCC_WARN_UNUSED_FUNCTION = YES;
				GCC_WARN_UNUSED_VARIABLE = YES;
				MTL_ENABLE_DEBUG_INFO = INCLUDE_SOURCE;
				MTL_FAST_MATH = YES;
				ONLY_ACTIVE_ARCH = YES;
				SDKROOT = iphoneos;
				SWIFT_ACTIVE_COMPILATION_CONDITIONS = DEBUG;
				SWIFT_OPTIMIZATION_LEVEL = "-Onone";
			};
			name = Debug;
		};
		3C73023B261E097100FEA925 /* Release */ = {
			isa = XCBuildConfiguration;
			buildSettings = {
				ALWAYS_SEARCH_USER_PATHS = NO;
				CLANG_ANALYZER_NONNULL = YES;
				CLANG_ANALYZER_NUMBER_OBJECT_CONVERSION = YES_AGGRESSIVE;
				CLANG_CXX_LANGUAGE_STANDARD = "gnu++14";
				CLANG_CXX_LIBRARY = "libc++";
				CLANG_ENABLE_MODULES = YES;
				CLANG_ENABLE_OBJC_ARC = YES;
				CLANG_ENABLE_OBJC_WEAK = YES;
				CLANG_WARN_BLOCK_CAPTURE_AUTORELEASING = YES;
				CLANG_WARN_BOOL_CONVERSION = YES;
				CLANG_WARN_COMMA = YES;
				CLANG_WARN_CONSTANT_CONVERSION = YES;
				CLANG_WARN_DEPRECATED_OBJC_IMPLEMENTATIONS = YES;
				CLANG_WARN_DIRECT_OBJC_ISA_USAGE = YES_ERROR;
				CLANG_WARN_DOCUMENTATION_COMMENTS = YES;
				CLANG_WARN_EMPTY_BODY = YES;
				CLANG_WARN_ENUM_CONVERSION = YES;
				CLANG_WARN_INFINITE_RECURSION = YES;
				CLANG_WARN_INT_CONVERSION = YES;
				CLANG_WARN_NON_LITERAL_NULL_CONVERSION = YES;
				CLANG_WARN_OBJC_IMPLICIT_RETAIN_SELF = YES;
				CLANG_WARN_OBJC_LITERAL_CONVERSION = YES;
				CLANG_WARN_OBJC_ROOT_CLASS = YES_ERROR;
				CLANG_WARN_QUOTED_INCLUDE_IN_FRAMEWORK_HEADER = YES;
				CLANG_WARN_RANGE_LOOP_ANALYSIS = YES;
				CLANG_WARN_STRICT_PROTOTYPES = YES;
				CLANG_WARN_SUSPICIOUS_MOVE = YES;
				CLANG_WARN_UNGUARDED_AVAILABILITY = YES_AGGRESSIVE;
				CLANG_WARN_UNREACHABLE_CODE = YES;
				CLANG_WARN__DUPLICATE_METHOD_MATCH = YES;
				COPY_PHASE_STRIP = NO;
				DEBUG_INFORMATION_FORMAT = "dwarf-with-dsym";
				ENABLE_NS_ASSERTIONS = NO;
				ENABLE_STRICT_OBJC_MSGSEND = YES;
				GCC_C_LANGUAGE_STANDARD = gnu11;
				GCC_NO_COMMON_BLOCKS = YES;
				GCC_WARN_64_TO_32_BIT_CONVERSION = YES;
				GCC_WARN_ABOUT_RETURN_TYPE = YES_ERROR;
				GCC_WARN_UNDECLARED_SELECTOR = YES;
				GCC_WARN_UNINITIALIZED_AUTOS = YES_AGGRESSIVE;
				GCC_WARN_UNUSED_FUNCTION = YES;
				GCC_WARN_UNUSED_VARIABLE = YES;
				MTL_ENABLE_DEBUG_INFO = NO;
				MTL_FAST_MATH = YES;
				SDKROOT = iphoneos;
				SWIFT_COMPILATION_MODE = wholemodule;
				SWIFT_OPTIMIZATION_LEVEL = "-O";
				VALIDATE_PRODUCT = YES;
			};
			name = Release;
		};
		3C73023D261E097100FEA925 /* Debug */ = {
			isa = XCBuildConfiguration;
			buildSettings = {
				ASSETCATALOG_COMPILER_COMPLICATION_NAME = Complication;
				CODE_SIGN_STYLE = Automatic;
				DEVELOPMENT_ASSET_PATHS = "\"Watch2 WatchKit Extension/Preview Content\"";
				DEVELOPMENT_TEAM = JYFX5HGRLC;
				ENABLE_PREVIEWS = YES;
				INFOPLIST_FILE = "Watch2 WatchKit Extension/Info.plist";
				LD_RUNPATH_SEARCH_PATHS = (
					"$(inherited)",
					"@executable_path/Frameworks",
					"@executable_path/../../Frameworks",
				);
				PRODUCT_BUNDLE_IDENTIFIER = ENJsjov.Watch2.watchkitapp.watchkitextension;
				PRODUCT_NAME = "${TARGET_NAME}";
				SDKROOT = watchos;
				SKIP_INSTALL = YES;
				SWIFT_VERSION = 5.0;
				TARGETED_DEVICE_FAMILY = 4;
				WATCHOS_DEPLOYMENT_TARGET = 7.2;
			};
			name = Debug;
		};
		3C73023E261E097100FEA925 /* Release */ = {
			isa = XCBuildConfiguration;
			buildSettings = {
				ASSETCATALOG_COMPILER_COMPLICATION_NAME = Complication;
				CODE_SIGN_STYLE = Automatic;
				DEVELOPMENT_ASSET_PATHS = "\"Watch2 WatchKit Extension/Preview Content\"";
				DEVELOPMENT_TEAM = JYFX5HGRLC;
				ENABLE_PREVIEWS = YES;
				INFOPLIST_FILE = "Watch2 WatchKit Extension/Info.plist";
				LD_RUNPATH_SEARCH_PATHS = (
					"$(inherited)",
					"@executable_path/Frameworks",
					"@executable_path/../../Frameworks",
				);
				PRODUCT_BUNDLE_IDENTIFIER = ENJsjov.Watch2.watchkitapp.watchkitextension;
				PRODUCT_NAME = "${TARGET_NAME}";
				SDKROOT = watchos;
				SKIP_INSTALL = YES;
				SWIFT_VERSION = 5.0;
				TARGETED_DEVICE_FAMILY = 4;
				WATCHOS_DEPLOYMENT_TARGET = 7.2;
			};
			name = Release;
		};
		3C730241261E097100FEA925 /* Debug */ = {
			isa = XCBuildConfiguration;
			buildSettings = {
				ALWAYS_EMBED_SWIFT_STANDARD_LIBRARIES = YES;
				ASSETCATALOG_COMPILER_APPICON_NAME = AppIcon;
				ASSETCATALOG_COMPILER_GLOBAL_ACCENT_COLOR_NAME = AccentColor;
				CODE_SIGN_STYLE = Automatic;
				DEVELOPMENT_TEAM = JYFX5HGRLC;
				IBSC_MODULE = Watch2_WatchKit_Extension;
				INFOPLIST_FILE = "Watch2 WatchKit App/Info.plist";
				PRODUCT_BUNDLE_IDENTIFIER = ENJsjov.Watch2.watchkitapp;
				PRODUCT_NAME = "$(TARGET_NAME)";
				SDKROOT = watchos;
				SKIP_INSTALL = YES;
				SWIFT_VERSION = 5.0;
				TARGETED_DEVICE_FAMILY = 4;
				WATCHOS_DEPLOYMENT_TARGET = 7.2;
			};
			name = Debug;
		};
		3C730242261E097100FEA925 /* Release */ = {
			isa = XCBuildConfiguration;
			buildSettings = {
				ALWAYS_EMBED_SWIFT_STANDARD_LIBRARIES = YES;
				ASSETCATALOG_COMPILER_APPICON_NAME = AppIcon;
				ASSETCATALOG_COMPILER_GLOBAL_ACCENT_COLOR_NAME = AccentColor;
				CODE_SIGN_STYLE = Automatic;
				DEVELOPMENT_TEAM = JYFX5HGRLC;
				IBSC_MODULE = Watch2_WatchKit_Extension;
				INFOPLIST_FILE = "Watch2 WatchKit App/Info.plist";
				PRODUCT_BUNDLE_IDENTIFIER = ENJsjov.Watch2.watchkitapp;
				PRODUCT_NAME = "$(TARGET_NAME)";
				SDKROOT = watchos;
				SKIP_INSTALL = YES;
				SWIFT_VERSION = 5.0;
				TARGETED_DEVICE_FAMILY = 4;
				WATCHOS_DEPLOYMENT_TARGET = 7.2;
			};
			name = Release;
		};
		3C730245261E097100FEA925 /* Debug */ = {
			isa = XCBuildConfiguration;
			buildSettings = {
				CODE_SIGN_STYLE = Automatic;
				CURRENT_PROJECT_VERSION = 1;
				DEVELOPMENT_TEAM = JYFX5HGRLC;
				MARKETING_VERSION = 1.0;
				PRODUCT_BUNDLE_IDENTIFIER = ENJsjov.Watch2;
				PRODUCT_NAME = "$(TARGET_NAME)";
				SWIFT_VERSION = 5.0;
			};
			name = Debug;
		};
		3C730246261E097100FEA925 /* Release */ = {
			isa = XCBuildConfiguration;
			buildSettings = {
				CODE_SIGN_STYLE = Automatic;
				CURRENT_PROJECT_VERSION = 1;
				DEVELOPMENT_TEAM = JYFX5HGRLC;
				MARKETING_VERSION = 1.0;
				PRODUCT_BUNDLE_IDENTIFIER = ENJsjov.Watch2;
				PRODUCT_NAME = "$(TARGET_NAME)";
				SWIFT_VERSION = 5.0;
			};
			name = Release;
		};
/* End XCBuildConfiguration section */

/* Begin XCConfigurationList section */
		3C73020C261E096F00FEA925 /* Build configuration list for PBXProject "Watch2" */ = {
			isa = XCConfigurationList;
			buildConfigurations = (
				3C73023A261E097100FEA925 /* Debug */,
				3C73023B261E097100FEA925 /* Release */,
			);
			defaultConfigurationIsVisible = 0;
			defaultConfigurationName = Release;
		};
		3C73023C261E097100FEA925 /* Build configuration list for PBXNativeTarget "Watch2 WatchKit Extension" */ = {
			isa = XCConfigurationList;
			buildConfigurations = (
				3C73023D261E097100FEA925 /* Debug */,
				3C73023E261E097100FEA925 /* Release */,
			);
			defaultConfigurationIsVisible = 0;
			defaultConfigurationName = Release;
		};
		3C730240261E097100FEA925 /* Build configuration list for PBXNativeTarget "Watch2 WatchKit App" */ = {
			isa = XCConfigurationList;
			buildConfigurations = (
				3C730241261E097100FEA925 /* Debug */,
				3C730242261E097100FEA925 /* Release */,
			);
			defaultConfigurationIsVisible = 0;
			defaultConfigurationName = Release;
		};
		3C730244261E097100FEA925 /* Build configuration list for PBXNativeTarget "Watch2" */ = {
			isa = XCConfigurationList;
			buildConfigurations = (
				3C730245261E097100FEA925 /* Debug */,
				3C730246261E097100FEA925 /* Release */,
			);
			defaultConfigurationIsVisible = 0;
			defaultConfigurationName = Release;
		};
/* End XCConfigurationList section */
	};
	rootObject = 3C730209261E096F00FEA925 /* Project object */;
}
